
Microsoft Visual Studio Solution File, Format Version 12.00
# Visual Studio Version 16
VisualStudioVersion = 16.0.29806.167
MinimumVisualStudioVersion = 10.0.40219.1
Project("{FAE04EC0-301F-11D3-BF4B-00C04F79EFBC}") = "HTMLParser.Processing", "HTMLParser.Processing\HTMLParser.Processing.csproj", "{B733175F-D94F-4DF8-B282-712C1A90BB24}"
EndProject
Project("{FAE04EC0-301F-11D3-BF4B-00C04F79EFBC}") = "HTMLParser.ConsoleApp", "HTMLParser.ConsoleApp\HTMLParser.ConsoleApp.csproj", "{C16E9ED4-4BB6-49A6-B3E3-BF8ADDC8EF1C}"
EndProject
Global
	GlobalSection(SolutionConfigurationPlatforms) = preSolution
		Debug|Any CPU = Debug|Any CPU
		Release|Any CPU = Release|Any CPU
	EndGlobalSection
	GlobalSection(ProjectConfigurationPlatforms) = postSolution
		{B733175F-D94F-4DF8-B282-712C1A90BB24}.Debug|Any CPU.ActiveCfg = Debug|Any CPU
		{B733175F-D94F-4DF8-B282-712C1A90BB24}.Debug|Any CPU.Build.0 = Debug|Any CPU
		{B733175F-D94F-4DF8-B282-712C1A90BB24}.Release|Any CPU.ActiveCfg = Release|Any CPU
		{B733175F-D94F-4DF8-B282-712C1A90BB24}.Release|Any CPU.Build.0 = Release|Any CPU
		{C16E9ED4-4BB6-49A6-B3E3-BF8ADDC8EF1C}.Debug|Any CPU.ActiveCfg = Debug|Any CPU
		{C16E9ED4-4BB6-49A6-B3E3-BF8ADDC8EF1C}.Debug|Any CPU.Build.0 = Debug|Any CPU
		{C16E9ED4-4BB6-49A6-B3E3-BF8ADDC8EF1C}.Release|Any CPU.ActiveCfg = Release|Any CPU
		{C16E9ED4-4BB6-49A6-B3E3-BF8ADDC8EF1C}.Release|Any CPU.Build.0 = Release|Any CPU
	EndGlobalSection
	GlobalSection(SolutionProperties) = preSolution
		HideSolutionNode = FALSE
	EndGlobalSection
	GlobalSection(ExtensibilityGlobals) = postSolution
		SolutionGuid = {7A2FDFED-B7BE-4383-9464-C45859E53C81}
	EndGlobalSection
EndGlobal
